// !$*UTF8*$!
{
	archiveVersion = 1;
	classes = {
	};
	objectVersion = 46;
	objects = {

/* Begin PBXBuildFile section */
		35966BBFE517C3ACCCBE605A /* libPods-iOS_PractiseTests.a in Frameworks */ = {isa = PBXBuildFile; fileRef = 68AB7B7EABB5328E2B612633 /* libPods-iOS_PractiseTests.a */; };
		8A9ADE4BACD9EC6E773A9F7C /* libPods-iOS_Practise.a in Frameworks */ = {isa = PBXBuildFile; fileRef = 1BB6C4F79C3D0C4DD1FCE5AD /* libPods-iOS_Practise.a */; };
		B51622650EA37E62FCDAABAA /* libPods-iOS_PractiseUITests.a in Frameworks */ = {isa = PBXBuildFile; fileRef = F7B6490C942646B3751782B7 /* libPods-iOS_PractiseUITests.a */; };
		C658FC861E00E654001ACDC8 /* main.m in Sources */ = {isa = PBXBuildFile; fileRef = C658FC851E00E654001ACDC8 /* main.m */; };
		C658FC891E00E654001ACDC8 /* AppDelegate.m in Sources */ = {isa = PBXBuildFile; fileRef = C658FC881E00E654001ACDC8 /* AppDelegate.m */; };
		C658FC8C1E00E654001ACDC8 /* RootViewController.m in Sources */ = {isa = PBXBuildFile; fileRef = C658FC8B1E00E654001ACDC8 /* RootViewController.m */; };
		C658FC8F1E00E654001ACDC8 /* Main.storyboard in Resources */ = {isa = PBXBuildFile; fileRef = C658FC8D1E00E654001ACDC8 /* Main.storyboard */; };
		C658FC911E00E654001ACDC8 /* Assets.xcassets in Resources */ = {isa = PBXBuildFile; fileRef = C658FC901E00E654001ACDC8 /* Assets.xcassets */; };
		C658FC941E00E654001ACDC8 /* LaunchScreen.storyboard in Resources */ = {isa = PBXBuildFile; fileRef = C658FC921E00E654001ACDC8 /* LaunchScreen.storyboard */; };
		C658FC9F1E00E654001ACDC8 /* iOS_PractiseTests.m in Sources */ = {isa = PBXBuildFile; fileRef = C658FC9E1E00E654001ACDC8 /* iOS_PractiseTests.m */; };
		C658FCAA1E00E654001ACDC8 /* iOS_PractiseUITests.m in Sources */ = {isa = PBXBuildFile; fileRef = C658FCA91E00E654001ACDC8 /* iOS_PractiseUITests.m */; };
		C658FCBA1E00EA06001ACDC8 /* LeftViewController.m in Sources */ = {isa = PBXBuildFile; fileRef = C658FCB91E00EA06001ACDC8 /* LeftViewController.m */; };
		C658FCBD1E00EACF001ACDC8 /* ContentViewController.m in Sources */ = {isa = PBXBuildFile; fileRef = C658FCBC1E00EACF001ACDC8 /* ContentViewController.m */; };
		C658FCC21E014345001ACDC8 /* WZAutoLoopView.m in Sources */ = {isa = PBXBuildFile; fileRef = C658FCC11E014344001ACDC8 /* WZAutoLoopView.m */; };
		C658FCC51E01444F001ACDC8 /* WZBannerModel.m in Sources */ = {isa = PBXBuildFile; fileRef = C658FCC41E01444F001ACDC8 /* WZBannerModel.m */; };
		C658FCC81E01449C001ACDC8 /* WZBannerView.m in Sources */ = {isa = PBXBuildFile; fileRef = C658FCC71E01449C001ACDC8 /* WZBannerView.m */; };
		C658FCCB1E017079001ACDC8 /* WZAutoLoopViewTestVC.m in Sources */ = {isa = PBXBuildFile; fileRef = C658FCCA1E017079001ACDC8 /* WZAutoLoopViewTestVC.m */; };
		C65D4B5C1E0376BD005F2D26 /* WZHorizonalTableViewController.m in Sources */ = {isa = PBXBuildFile; fileRef = C65D4B571E0376BD005F2D26 /* WZHorizonalTableViewController.m */; };
		C65D4B5D1E0376BD005F2D26 /* WZSwipableViewController.m in Sources */ = {isa = PBXBuildFile; fileRef = C65D4B591E0376BD005F2D26 /* WZSwipableViewController.m */; };
		C65D4B5E1E0376BD005F2D26 /* WZTitleBarView.m in Sources */ = {isa = PBXBuildFile; fileRef = C65D4B5B1E0376BD005F2D26 /* WZTitleBarView.m */; };
		C65D4B641E038122005F2D26 /* WZTestTabBarController.m in Sources */ = {isa = PBXBuildFile; fileRef = C65D4B631E038122005F2D26 /* WZTestTabBarController.m */; };
/* End PBXBuildFile section */

/* Begin PBXContainerItemProxy section */
		C658FC9B1E00E654001ACDC8 /* PBXContainerItemProxy */ = {
			isa = PBXContainerItemProxy;
			containerPortal = C658FC791E00E653001ACDC8 /* Project object */;
			proxyType = 1;
			remoteGlobalIDString = C658FC801E00E653001ACDC8;
			remoteInfo = iOS_Practise;
		};
		C658FCA61E00E654001ACDC8 /* PBXContainerItemProxy */ = {
			isa = PBXContainerItemProxy;
			containerPortal = C658FC791E00E653001ACDC8 /* Project object */;
			proxyType = 1;
			remoteGlobalIDString = C658FC801E00E653001ACDC8;
			remoteInfo = iOS_Practise;
		};
/* End PBXContainerItemProxy section */

/* Begin PBXFileReference section */
		16942A2FE5F5AE9C7FF1717D /* Pods-iOS_PractiseTests.release.xcconfig */ = {isa = PBXFileReference; includeInIndex = 1; lastKnownFileType = text.xcconfig; name = "Pods-iOS_PractiseTests.release.xcconfig"; path = "Pods/Target Support Files/Pods-iOS_PractiseTests/Pods-iOS_PractiseTests.release.xcconfig"; sourceTree = "<group>"; };
		1BB6C4F79C3D0C4DD1FCE5AD /* libPods-iOS_Practise.a */ = {isa = PBXFileReference; explicitFileType = archive.ar; includeInIndex = 0; path = "libPods-iOS_Practise.a"; sourceTree = BUILT_PRODUCTS_DIR; };
		26CE1026CFE5D301C58DEEFF /* Pods-iOS_PractiseUITests.release.xcconfig */ = {isa = PBXFileReference; includeInIndex = 1; lastKnownFileType = text.xcconfig; name = "Pods-iOS_PractiseUITests.release.xcconfig"; path = "Pods/Target Support Files/Pods-iOS_PractiseUITests/Pods-iOS_PractiseUITests.release.xcconfig"; sourceTree = "<group>"; };
		59C6C45FD5B022E598373DEF /* Pods-iOS_Practise.debug.xcconfig */ = {isa = PBXFileReference; includeInIndex = 1; lastKnownFileType = text.xcconfig; name = "Pods-iOS_Practise.debug.xcconfig"; path = "Pods/Target Support Files/Pods-iOS_Practise/Pods-iOS_Practise.debug.xcconfig"; sourceTree = "<group>"; };
		5D41EAE16896724288BCB984 /* Pods-iOS_PractiseUITests.debug.xcconfig */ = {isa = PBXFileReference; includeInIndex = 1; lastKnownFileType = text.xcconfig; name = "Pods-iOS_PractiseUITests.debug.xcconfig"; path = "Pods/Target Support Files/Pods-iOS_PractiseUITests/Pods-iOS_PractiseUITests.debug.xcconfig"; sourceTree = "<group>"; };
		68AB7B7EABB5328E2B612633 /* libPods-iOS_PractiseTests.a */ = {isa = PBXFileReference; explicitFileType = archive.ar; includeInIndex = 0; path = "libPods-iOS_PractiseTests.a"; sourceTree = BUILT_PRODUCTS_DIR; };
		C658FC811E00E653001ACDC8 /* iOS_Practise.app */ = {isa = PBXFileReference; explicitFileType = wrapper.application; includeInIndex = 0; path = iOS_Practise.app; sourceTree = BUILT_PRODUCTS_DIR; };
		C658FC851E00E654001ACDC8 /* main.m */ = {isa = PBXFileReference; lastKnownFileType = sourcecode.c.objc; path = main.m; sourceTree = "<group>"; };
		C658FC871E00E654001ACDC8 /* AppDelegate.h */ = {isa = PBXFileReference; lastKnownFileType = sourcecode.c.h; path = AppDelegate.h; sourceTree = "<group>"; };
		C658FC881E00E654001ACDC8 /* AppDelegate.m */ = {isa = PBXFileReference; lastKnownFileType = sourcecode.c.objc; path = AppDelegate.m; sourceTree = "<group>"; };
		C658FC8A1E00E654001ACDC8 /* RootViewController.h */ = {isa = PBXFileReference; lastKnownFileType = sourcecode.c.h; name = RootViewController.h; path = ../RootViewController.h; sourceTree = "<group>"; };
		C658FC8B1E00E654001ACDC8 /* RootViewController.m */ = {isa = PBXFileReference; lastKnownFileType = sourcecode.c.objc; name = RootViewController.m; path = ../RootViewController.m; sourceTree = "<group>"; };
		C658FC8E1E00E654001ACDC8 /* Base */ = {isa = PBXFileReference; lastKnownFileType = file.storyboard; name = Base; path = Base.lproj/Main.storyboard; sourceTree = "<group>"; };
		C658FC901E00E654001ACDC8 /* Assets.xcassets */ = {isa = PBXFileReference; lastKnownFileType = folder.assetcatalog; path = Assets.xcassets; sourceTree = "<group>"; };
		C658FC931E00E654001ACDC8 /* Base */ = {isa = PBXFileReference; lastKnownFileType = file.storyboard; name = Base; path = Base.lproj/LaunchScreen.storyboard; sourceTree = "<group>"; };
		C658FC951E00E654001ACDC8 /* Info.plist */ = {isa = PBXFileReference; lastKnownFileType = text.plist.xml; path = Info.plist; sourceTree = "<group>"; };
		C658FC9A1E00E654001ACDC8 /* iOS_PractiseTests.xctest */ = {isa = PBXFileReference; explicitFileType = wrapper.cfbundle; includeInIndex = 0; path = iOS_PractiseTests.xctest; sourceTree = BUILT_PRODUCTS_DIR; };
		C658FC9E1E00E654001ACDC8 /* iOS_PractiseTests.m */ = {isa = PBXFileReference; lastKnownFileType = sourcecode.c.objc; path = iOS_PractiseTests.m; sourceTree = "<group>"; };
		C658FCA01E00E654001ACDC8 /* Info.plist */ = {isa = PBXFileReference; lastKnownFileType = text.plist.xml; path = Info.plist; sourceTree = "<group>"; };
		C658FCA51E00E654001ACDC8 /* iOS_PractiseUITests.xctest */ = {isa = PBXFileReference; explicitFileType = wrapper.cfbundle; includeInIndex = 0; path = iOS_PractiseUITests.xctest; sourceTree = BUILT_PRODUCTS_DIR; };
		C658FCA91E00E654001ACDC8 /* iOS_PractiseUITests.m */ = {isa = PBXFileReference; lastKnownFileType = sourcecode.c.objc; path = iOS_PractiseUITests.m; sourceTree = "<group>"; };
		C658FCAB1E00E654001ACDC8 /* Info.plist */ = {isa = PBXFileReference; lastKnownFileType = text.plist.xml; path = Info.plist; sourceTree = "<group>"; };
		C658FCB81E00EA06001ACDC8 /* LeftViewController.h */ = {isa = PBXFileReference; fileEncoding = 4; lastKnownFileType = sourcecode.c.h; path = LeftViewController.h; sourceTree = "<group>"; };
		C658FCB91E00EA06001ACDC8 /* LeftViewController.m */ = {isa = PBXFileReference; fileEncoding = 4; lastKnownFileType = sourcecode.c.objc; path = LeftViewController.m; sourceTree = "<group>"; };
		C658FCBB1E00EACF001ACDC8 /* ContentViewController.h */ = {isa = PBXFileReference; fileEncoding = 4; lastKnownFileType = sourcecode.c.h; path = ContentViewController.h; sourceTree = "<group>"; };
		C658FCBC1E00EACF001ACDC8 /* ContentViewController.m */ = {isa = PBXFileReference; fileEncoding = 4; lastKnownFileType = sourcecode.c.objc; path = ContentViewController.m; sourceTree = "<group>"; };
		C658FCC01E014344001ACDC8 /* WZAutoLoopView.h */ = {isa = PBXFileReference; fileEncoding = 4; lastKnownFileType = sourcecode.c.h; path = WZAutoLoopView.h; sourceTree = "<group>"; };
		C658FCC11E014344001ACDC8 /* WZAutoLoopView.m */ = {isa = PBXFileReference; fileEncoding = 4; lastKnownFileType = sourcecode.c.objc; path = WZAutoLoopView.m; sourceTree = "<group>"; };
		C658FCC31E01444F001ACDC8 /* WZBannerModel.h */ = {isa = PBXFileReference; fileEncoding = 4; lastKnownFileType = sourcecode.c.h; path = WZBannerModel.h; sourceTree = "<group>"; };
		C658FCC41E01444F001ACDC8 /* WZBannerModel.m */ = {isa = PBXFileReference; fileEncoding = 4; lastKnownFileType = sourcecode.c.objc; path = WZBannerModel.m; sourceTree = "<group>"; };
		C658FCC61E01449C001ACDC8 /* WZBannerView.h */ = {isa = PBXFileReference; fileEncoding = 4; lastKnownFileType = sourcecode.c.h; path = WZBannerView.h; sourceTree = "<group>"; };
		C658FCC71E01449C001ACDC8 /* WZBannerView.m */ = {isa = PBXFileReference; fileEncoding = 4; lastKnownFileType = sourcecode.c.objc; path = WZBannerView.m; sourceTree = "<group>"; };
		C658FCC91E017079001ACDC8 /* WZAutoLoopViewTestVC.h */ = {isa = PBXFileReference; fileEncoding = 4; lastKnownFileType = sourcecode.c.h; path = WZAutoLoopViewTestVC.h; sourceTree = "<group>"; };
		C658FCCA1E017079001ACDC8 /* WZAutoLoopViewTestVC.m */ = {isa = PBXFileReference; fileEncoding = 4; lastKnownFileType = sourcecode.c.objc; path = WZAutoLoopViewTestVC.m; sourceTree = "<group>"; };
		C65D4B561E0376BD005F2D26 /* WZHorizonalTableViewController.h */ = {isa = PBXFileReference; fileEncoding = 4; lastKnownFileType = sourcecode.c.h; path = WZHorizonalTableViewController.h; sourceTree = "<group>"; };
		C65D4B571E0376BD005F2D26 /* WZHorizonalTableViewController.m */ = {isa = PBXFileReference; fileEncoding = 4; lastKnownFileType = sourcecode.c.objc; path = WZHorizonalTableViewController.m; sourceTree = "<group>"; };
		C65D4B581E0376BD005F2D26 /* WZSwipableViewController.h */ = {isa = PBXFileReference; fileEncoding = 4; lastKnownFileType = sourcecode.c.h; path = WZSwipableViewController.h; sourceTree = "<group>"; };
		C65D4B591E0376BD005F2D26 /* WZSwipableViewController.m */ = {isa = PBXFileReference; fileEncoding = 4; lastKnownFileType = sourcecode.c.objc; path = WZSwipableViewController.m; sourceTree = "<group>"; };
		C65D4B5A1E0376BD005F2D26 /* WZTitleBarView.h */ = {isa = PBXFileReference; fileEncoding = 4; lastKnownFileType = sourcecode.c.h; path = WZTitleBarView.h; sourceTree = "<group>"; };
		C65D4B5B1E0376BD005F2D26 /* WZTitleBarView.m */ = {isa = PBXFileReference; fileEncoding = 4; lastKnownFileType = sourcecode.c.objc; path = WZTitleBarView.m; sourceTree = "<group>"; };
		C65D4B621E038122005F2D26 /* WZTestTabBarController.h */ = {isa = PBXFileReference; fileEncoding = 4; lastKnownFileType = sourcecode.c.h; path = WZTestTabBarController.h; sourceTree = "<group>"; };
		C65D4B631E038122005F2D26 /* WZTestTabBarController.m */ = {isa = PBXFileReference; fileEncoding = 4; lastKnownFileType = sourcecode.c.objc; path = WZTestTabBarController.m; sourceTree = "<group>"; };
		EA1D64CC16F6B238C67945D6 /* Pods-iOS_PractiseTests.debug.xcconfig */ = {isa = PBXFileReference; includeInIndex = 1; lastKnownFileType = text.xcconfig; name = "Pods-iOS_PractiseTests.debug.xcconfig"; path = "Pods/Target Support Files/Pods-iOS_PractiseTests/Pods-iOS_PractiseTests.debug.xcconfig"; sourceTree = "<group>"; };
		EAA7285F516C8E963349A87B /* Pods-iOS_Practise.release.xcconfig */ = {isa = PBXFileReference; includeInIndex = 1; lastKnownFileType = text.xcconfig; name = "Pods-iOS_Practise.release.xcconfig"; path = "Pods/Target Support Files/Pods-iOS_Practise/Pods-iOS_Practise.release.xcconfig"; sourceTree = "<group>"; };
		F7B6490C942646B3751782B7 /* libPods-iOS_PractiseUITests.a */ = {isa = PBXFileReference; explicitFileType = archive.ar; includeInIndex = 0; path = "libPods-iOS_PractiseUITests.a"; sourceTree = BUILT_PRODUCTS_DIR; };
/* End PBXFileReference section */

/* Begin PBXFrameworksBuildPhase section */
		C658FC7E1E00E653001ACDC8 /* Frameworks */ = {
			isa = PBXFrameworksBuildPhase;
			buildActionMask = 2147483647;
			files = (
				8A9ADE4BACD9EC6E773A9F7C /* libPods-iOS_Practise.a in Frameworks */,
			);
			runOnlyForDeploymentPostprocessing = 0;
		};
		C658FC971E00E654001ACDC8 /* Frameworks */ = {
			isa = PBXFrameworksBuildPhase;
			buildActionMask = 2147483647;
			files = (
				35966BBFE517C3ACCCBE605A /* libPods-iOS_PractiseTests.a in Frameworks */,
			);
			runOnlyForDeploymentPostprocessing = 0;
		};
		C658FCA21E00E654001ACDC8 /* Frameworks */ = {
			isa = PBXFrameworksBuildPhase;
			buildActionMask = 2147483647;
			files = (
				B51622650EA37E62FCDAABAA /* libPods-iOS_PractiseUITests.a in Frameworks */,
			);
			runOnlyForDeploymentPostprocessing = 0;
		};
/* End PBXFrameworksBuildPhase section */

/* Begin PBXGroup section */
		3CC1BEF99035E3C9174BE8E6 /* Frameworks */ = {
			isa = PBXGroup;
			children = (
				1BB6C4F79C3D0C4DD1FCE5AD /* libPods-iOS_Practise.a */,
				68AB7B7EABB5328E2B612633 /* libPods-iOS_PractiseTests.a */,
				F7B6490C942646B3751782B7 /* libPods-iOS_PractiseUITests.a */,
			);
			name = Frameworks;
			sourceTree = "<group>";
		};
		5DEE702BBFE6AA2D245151FA /* Pods */ = {
			isa = PBXGroup;
			children = (
				59C6C45FD5B022E598373DEF /* Pods-iOS_Practise.debug.xcconfig */,
				EAA7285F516C8E963349A87B /* Pods-iOS_Practise.release.xcconfig */,
				EA1D64CC16F6B238C67945D6 /* Pods-iOS_PractiseTests.debug.xcconfig */,
				16942A2FE5F5AE9C7FF1717D /* Pods-iOS_PractiseTests.release.xcconfig */,
				5D41EAE16896724288BCB984 /* Pods-iOS_PractiseUITests.debug.xcconfig */,
				26CE1026CFE5D301C58DEEFF /* Pods-iOS_PractiseUITests.release.xcconfig */,
			);
			name = Pods;
			sourceTree = "<group>";
		};
		C658FC781E00E653001ACDC8 = {
			isa = PBXGroup;
			children = (
				C658FC831E00E654001ACDC8 /* iOS_Practise */,
				C658FC9D1E00E654001ACDC8 /* iOS_PractiseTests */,
				C658FCA81E00E654001ACDC8 /* iOS_PractiseUITests */,
				C658FC821E00E653001ACDC8 /* Products */,
				5DEE702BBFE6AA2D245151FA /* Pods */,
				3CC1BEF99035E3C9174BE8E6 /* Frameworks */,
			);
			sourceTree = "<group>";
		};
		C658FC821E00E653001ACDC8 /* Products */ = {
			isa = PBXGroup;
			children = (
				C658FC811E00E653001ACDC8 /* iOS_Practise.app */,
				C658FC9A1E00E654001ACDC8 /* iOS_PractiseTests.xctest */,
				C658FCA51E00E654001ACDC8 /* iOS_PractiseUITests.xctest */,
			);
			name = Products;
			sourceTree = "<group>";
		};
		C658FC831E00E654001ACDC8 /* iOS_Practise */ = {
			isa = PBXGroup;
			children = (
				C658FCBE1E0142CA001ACDC8 /* lib */,
				C658FC871E00E654001ACDC8 /* AppDelegate.h */,
				C658FC881E00E654001ACDC8 /* AppDelegate.m */,
				C658FCB71E00E92F001ACDC8 /* Main */,
				C658FC901E00E654001ACDC8 /* Assets.xcassets */,
				C658FC921E00E654001ACDC8 /* LaunchScreen.storyboard */,
				C658FC951E00E654001ACDC8 /* Info.plist */,
				C658FC841E00E654001ACDC8 /* Supporting Files */,
			);
			path = iOS_Practise;
			sourceTree = "<group>";
		};
		C658FC841E00E654001ACDC8 /* Supporting Files */ = {
			isa = PBXGroup;
			children = (
				C658FC851E00E654001ACDC8 /* main.m */,
			);
			name = "Supporting Files";
			sourceTree = "<group>";
		};
		C658FC9D1E00E654001ACDC8 /* iOS_PractiseTests */ = {
			isa = PBXGroup;
			children = (
				C658FC9E1E00E654001ACDC8 /* iOS_PractiseTests.m */,
				C658FCA01E00E654001ACDC8 /* Info.plist */,
			);
			path = iOS_PractiseTests;
			sourceTree = "<group>";
		};
		C658FCA81E00E654001ACDC8 /* iOS_PractiseUITests */ = {
			isa = PBXGroup;
			children = (
				C658FCA91E00E654001ACDC8 /* iOS_PractiseUITests.m */,
				C658FCAB1E00E654001ACDC8 /* Info.plist */,
			);
			path = iOS_PractiseUITests;
			sourceTree = "<group>";
		};
		C658FCB71E00E92F001ACDC8 /* Main */ = {
			isa = PBXGroup;
			children = (
				C658FC8A1E00E654001ACDC8 /* RootViewController.h */,
				C658FC8B1E00E654001ACDC8 /* RootViewController.m */,
				C658FC8D1E00E654001ACDC8 /* Main.storyboard */,
				C658FCB81E00EA06001ACDC8 /* LeftViewController.h */,
				C658FCB91E00EA06001ACDC8 /* LeftViewController.m */,
				C658FCBB1E00EACF001ACDC8 /* ContentViewController.h */,
				C658FCBC1E00EACF001ACDC8 /* ContentViewController.m */,
				C658FCC91E017079001ACDC8 /* WZAutoLoopViewTestVC.h */,
				C658FCCA1E017079001ACDC8 /* WZAutoLoopViewTestVC.m */,
				C65D4B621E038122005F2D26 /* WZTestTabBarController.h */,
				C65D4B631E038122005F2D26 /* WZTestTabBarController.m */,
			);
			path = Main;
			sourceTree = "<group>";
		};
		C658FCBE1E0142CA001ACDC8 /* lib */ = {
			isa = PBXGroup;
			children = (
				C65D4B551E037697005F2D26 /* BarMenu */,
				C658FCBF1E014300001ACDC8 /* AutoLoop */,
			);
			path = lib;
			sourceTree = "<group>";
		};
		C658FCBF1E014300001ACDC8 /* AutoLoop */ = {
			isa = PBXGroup;
			children = (
				C658FCC01E014344001ACDC8 /* WZAutoLoopView.h */,
				C658FCC11E014344001ACDC8 /* WZAutoLoopView.m */,
				C658FCC31E01444F001ACDC8 /* WZBannerModel.h */,
				C658FCC41E01444F001ACDC8 /* WZBannerModel.m */,
				C658FCC61E01449C001ACDC8 /* WZBannerView.h */,
				C658FCC71E01449C001ACDC8 /* WZBannerView.m */,
			);
			path = AutoLoop;
			sourceTree = "<group>";
		};
		C65D4B551E037697005F2D26 /* BarMenu */ = {
			isa = PBXGroup;
			children = (
				C65D4B561E0376BD005F2D26 /* WZHorizonalTableViewController.h */,
				C65D4B571E0376BD005F2D26 /* WZHorizonalTableViewController.m */,
				C65D4B581E0376BD005F2D26 /* WZSwipableViewController.h */,
				C65D4B591E0376BD005F2D26 /* WZSwipableViewController.m */,
				C65D4B5A1E0376BD005F2D26 /* WZTitleBarView.h */,
				C65D4B5B1E0376BD005F2D26 /* WZTitleBarView.m */,
			);
			path = BarMenu;
			sourceTree = "<group>";
		};
/* End PBXGroup section */

/* Begin PBXNativeTarget section */
		C658FC801E00E653001ACDC8 /* iOS_Practise */ = {
			isa = PBXNativeTarget;
			buildConfigurationList = C658FCAE1E00E654001ACDC8 /* Build configuration list for PBXNativeTarget "iOS_Practise" */;
			buildPhases = (
				CA8452B240EF3C6A3A0D1B5E /* [CP] Check Pods Manifest.lock */,
				C658FC7D1E00E653001ACDC8 /* Sources */,
				C658FC7E1E00E653001ACDC8 /* Frameworks */,
				C658FC7F1E00E653001ACDC8 /* Resources */,
				D7F08A53227474FA1BA44BF4 /* [CP] Embed Pods Frameworks */,
				176E779C29555607D08457A1 /* [CP] Copy Pods Resources */,
			);
			buildRules = (
			);
			dependencies = (
			);
			name = iOS_Practise;
			productName = iOS_Practise;
			productReference = C658FC811E00E653001ACDC8 /* iOS_Practise.app */;
			productType = "com.apple.product-type.application";
		};
		C658FC991E00E654001ACDC8 /* iOS_PractiseTests */ = {
			isa = PBXNativeTarget;
			buildConfigurationList = C658FCB11E00E654001ACDC8 /* Build configuration list for PBXNativeTarget "iOS_PractiseTests" */;
			buildPhases = (
				CD4180EB76840853D3E5942C /* [CP] Check Pods Manifest.lock */,
				C658FC961E00E654001ACDC8 /* Sources */,
				C658FC971E00E654001ACDC8 /* Frameworks */,
				C658FC981E00E654001ACDC8 /* Resources */,
				2E49698B38E788A19BEE3BFB /* [CP] Embed Pods Frameworks */,
				2F2F7F79303F1F4BED056F9B /* [CP] Copy Pods Resources */,
			);
			buildRules = (
			);
			dependencies = (
				C658FC9C1E00E654001ACDC8 /* PBXTargetDependency */,
			);
			name = iOS_PractiseTests;
			productName = iOS_PractiseTests;
			productReference = C658FC9A1E00E654001ACDC8 /* iOS_PractiseTests.xctest */;
			productType = "com.apple.product-type.bundle.unit-test";
		};
		C658FCA41E00E654001ACDC8 /* iOS_PractiseUITests */ = {
			isa = PBXNativeTarget;
			buildConfigurationList = C658FCB41E00E654001ACDC8 /* Build configuration list for PBXNativeTarget "iOS_PractiseUITests" */;
			buildPhases = (
				9ADDF578FF39D1746A64CFF5 /* [CP] Check Pods Manifest.lock */,
				C658FCA11E00E654001ACDC8 /* Sources */,
				C658FCA21E00E654001ACDC8 /* Frameworks */,
				C658FCA31E00E654001ACDC8 /* Resources */,
				57360B3BCE0958820E4F8520 /* [CP] Copy Pods Resources */,
			);
			buildRules = (
			);
			dependencies = (
				C658FCA71E00E654001ACDC8 /* PBXTargetDependency */,
			);
			name = iOS_PractiseUITests;
			productName = iOS_PractiseUITests;
			productReference = C658FCA51E00E654001ACDC8 /* iOS_PractiseUITests.xctest */;
			productType = "com.apple.product-type.bundle.ui-testing";
		};
/* End PBXNativeTarget section */

/* Begin PBXProject section */
		C658FC791E00E653001ACDC8 /* Project object */ = {
			isa = PBXProject;
			attributes = {
				LastUpgradeCheck = 0730;
				ORGANIZATIONNAME = WZ;
				TargetAttributes = {
					C658FC801E00E653001ACDC8 = {
						CreatedOnToolsVersion = 7.3.1;
					};
					C658FC991E00E654001ACDC8 = {
						CreatedOnToolsVersion = 7.3.1;
						TestTargetID = C658FC801E00E653001ACDC8;
					};
					C658FCA41E00E654001ACDC8 = {
						CreatedOnToolsVersion = 7.3.1;
						TestTargetID = C658FC801E00E653001ACDC8;
					};
				};
			};
			buildConfigurationList = C658FC7C1E00E653001ACDC8 /* Build configuration list for PBXProject "iOS_Practise" */;
			compatibilityVersion = "Xcode 3.2";
			developmentRegion = English;
			hasScannedForEncodings = 0;
			knownRegions = (
				en,
				Base,
			);
			mainGroup = C658FC781E00E653001ACDC8;
			productRefGroup = C658FC821E00E653001ACDC8 /* Products */;
			projectDirPath = "";
			projectRoot = "";
			targets = (
				C658FC801E00E653001ACDC8 /* iOS_Practise */,
				C658FC991E00E654001ACDC8 /* iOS_PractiseTests */,
				C658FCA41E00E654001ACDC8 /* iOS_PractiseUITests */,
			);
		};
/* End PBXProject section */

/* Begin PBXResourcesBuildPhase section */
		C658FC7F1E00E653001ACDC8 /* Resources */ = {
			isa = PBXResourcesBuildPhase;
			buildActionMask = 2147483647;
			files = (
				C658FC941E00E654001ACDC8 /* LaunchScreen.storyboard in Resources */,
				C658FC911E00E654001ACDC8 /* Assets.xcassets in Resources */,
				C658FC8F1E00E654001ACDC8 /* Main.storyboard in Resources */,
			);
			runOnlyForDeploymentPostprocessing = 0;
		};
		C658FC981E00E654001ACDC8 /* Resources */ = {
			isa = PBXResourcesBuildPhase;
			buildActionMask = 2147483647;
			files = (
			);
			runOnlyForDeploymentPostprocessing = 0;
		};
		C658FCA31E00E654001ACDC8 /* Resources */ = {
			isa = PBXResourcesBuildPhase;
			buildActionMask = 2147483647;
			files = (
			);
			runOnlyForDeploymentPostprocessing = 0;
		};
/* End PBXResourcesBuildPhase section */

/* Begin PBXShellScriptBuildPhase section */
		176E779C29555607D08457A1 /* [CP] Copy Pods Resources */ = {
			isa = PBXShellScriptBuildPhase;
			buildActionMask = 2147483647;
			files = (
			);
			inputPaths = (
			);
			name = "[CP] Copy Pods Resources";
			outputPaths = (
			);
			runOnlyForDeploymentPostprocessing = 0;
			shellPath = /bin/sh;
			shellScript = "\"${SRCROOT}/Pods/Target Support Files/Pods-iOS_Practise/Pods-iOS_Practise-resources.sh\"\n";
			showEnvVarsInLog = 0;
		};
		2E49698B38E788A19BEE3BFB /* [CP] Embed Pods Frameworks */ = {
			isa = PBXShellScriptBuildPhase;
			buildActionMask = 2147483647;
			files = (
			);
			inputPaths = (
			);
			name = "[CP] Embed Pods Frameworks";
			outputPaths = (
			);
			runOnlyForDeploymentPostprocessing = 0;
			shellPath = /bin/sh;
			shellScript = "\"${SRCROOT}/Pods/Target Support Files/Pods-iOS_PractiseTests/Pods-iOS_PractiseTests-frameworks.sh\"\n";
			showEnvVarsInLog = 0;
		};
		2F2F7F79303F1F4BED056F9B /* [CP] Copy Pods Resources */ = {
			isa = PBXShellScriptBuildPhase;
			buildActionMask = 2147483647;
			files = (
			);
			inputPaths = (
			);
			name = "[CP] Copy Pods Resources";
			outputPaths = (
			);
			runOnlyForDeploymentPostprocessing = 0;
			shellPath = /bin/sh;
			shellScript = "\"${SRCROOT}/Pods/Target Support Files/Pods-iOS_PractiseTests/Pods-iOS_PractiseTests-resources.sh\"\n";
			showEnvVarsInLog = 0;
		};
		57360B3BCE0958820E4F8520 /* [CP] Copy Pods Resources */ = {
			isa = PBXShellScriptBuildPhase;
			buildActionMask = 2147483647;
			files = (
			);
			inputPaths = (
			);
			name = "[CP] Copy Pods Resources";
			outputPaths = (
			);
			runOnlyForDeploymentPostprocessing = 0;
			shellPath = /bin/sh;
			shellScript = "\"${SRCROOT}/Pods/Target Support Files/Pods-iOS_PractiseUITests/Pods-iOS_PractiseUITests-resources.sh\"\n";
			showEnvVarsInLog = 0;
		};
		9ADDF578FF39D1746A64CFF5 /* [CP] Check Pods Manifest.lock */ = {
			isa = PBXShellScriptBuildPhase;
			buildActionMask = 2147483647;
			files = (
			);
			inputPaths = (
			);
			name = "[CP] Check Pods Manifest.lock";
			outputPaths = (
			);
			runOnlyForDeploymentPostprocessing = 0;
			shellPath = /bin/sh;
			shellScript = "diff \"${PODS_ROOT}/../Podfile.lock\" \"${PODS_ROOT}/Manifest.lock\" > /dev/null\nif [[ $? != 0 ]] ; then\n    cat << EOM\nerror: The sandbox is not in sync with the Podfile.lock. Run 'pod install' or update your CocoaPods installation.\nEOM\n    exit 1\nfi\n";
			showEnvVarsInLog = 0;
		};
		CA8452B240EF3C6A3A0D1B5E /* [CP] Check Pods Manifest.lock */ = {
			isa = PBXShellScriptBuildPhase;
			buildActionMask = 2147483647;
			files = (
			);
			inputPaths = (
			);
			name = "[CP] Check Pods Manifest.lock";
			outputPaths = (
			);
			runOnlyForDeploymentPostprocessing = 0;
			shellPath = /bin/sh;
			shellScript = "diff \"${PODS_ROOT}/../Podfile.lock\" \"${PODS_ROOT}/Manifest.lock\" > /dev/null\nif [[ $? != 0 ]] ; then\n    cat << EOM\nerror: The sandbox is not in sync with the Podfile.lock. Run 'pod install' or update your CocoaPods installation.\nEOM\n    exit 1\nfi\n";
			showEnvVarsInLog = 0;
		};
		CD4180EB76840853D3E5942C /* [CP] Check Pods Manifest.lock */ = {
			isa = PBXShellScriptBuildPhase;
			buildActionMask = 2147483647;
			files = (
			);
			inputPaths = (
			);
			name = "[CP] Check Pods Manifest.lock";
			outputPaths = (
			);
			runOnlyForDeploymentPostprocessing = 0;
			shellPath = /bin/sh;
			shellScript = "diff \"${PODS_ROOT}/../Podfile.lock\" \"${PODS_ROOT}/Manifest.lock\" > /dev/null\nif [[ $? != 0 ]] ; then\n    cat << EOM\nerror: The sandbox is not in sync with the Podfile.lock. Run 'pod install' or update your CocoaPods installation.\nEOM\n    exit 1\nfi\n";
			showEnvVarsInLog = 0;
		};
		D7F08A53227474FA1BA44BF4 /* [CP] Embed Pods Frameworks */ = {
			isa = PBXShellScriptBuildPhase;
			buildActionMask = 2147483647;
			files = (
			);
			inputPaths = (
			);
			name = "[CP] Embed Pods Frameworks";
			outputPaths = (
			);
			runOnlyForDeploymentPostprocessing = 0;
			shellPath = /bin/sh;
			shellScript = "\"${SRCROOT}/Pods/Target Support Files/Pods-iOS_Practise/Pods-iOS_Practise-frameworks.sh\"\n";
			showEnvVarsInLog = 0;
		};
/* End PBXShellScriptBuildPhase section */

/* Begin PBXSourcesBuildPhase section */
		C658FC7D1E00E653001ACDC8 /* Sources */ = {
			isa = PBXSourcesBuildPhase;
			buildActionMask = 2147483647;
			files = (
				C658FCC51E01444F001ACDC8 /* WZBannerModel.m in Sources */,
				C65D4B641E038122005F2D26 /* WZTestTabBarController.m in Sources */,
				C658FC8C1E00E654001ACDC8 /* RootViewController.m in Sources */,
				C65D4B5C1E0376BD005F2D26 /* WZHorizonalTableViewController.m in Sources */,
				C65D4B5E1E0376BD005F2D26 /* WZTitleBarView.m in Sources */,
				C658FCBD1E00EACF001ACDC8 /* ContentViewController.m in Sources */,
				C658FCC81E01449C001ACDC8 /* WZBannerView.m in Sources */,
				C658FCC21E014345001ACDC8 /* WZAutoLoopView.m in Sources */,
				C65D4B5D1E0376BD005F2D26 /* WZSwipableViewController.m in Sources */,
				C658FCBA1E00EA06001ACDC8 /* LeftViewController.m in Sources */,
				C658FC891E00E654001ACDC8 /* AppDelegate.m in Sources */,
				C658FC861E00E654001ACDC8 /* main.m in Sources */,
				C658FCCB1E017079001ACDC8 /* WZAutoLoopViewTestVC.m in Sources */,
			);
			runOnlyForDeploymentPostprocessing = 0;
		};
		C658FC961E00E654001ACDC8 /* Sources */ = {
			isa = PBXSourcesBuildPhase;
			buildActionMask = 2147483647;
			files = (
				C658FC9F1E00E654001ACDC8 /* iOS_PractiseTests.m in Sources */,
			);
			runOnlyForDeploymentPostprocessing = 0;
		};
		C658FCA11E00E654001ACDC8 /* Sources */ = {
			isa = PBXSourcesBuildPhase;
			buildActionMask = 2147483647;
			files = (
				C658FCAA1E00E654001ACDC8 /* iOS_PractiseUITests.m in Sources */,
			);
			runOnlyForDeploymentPostprocessing = 0;
		};
/* End PBXSourcesBuildPhase section */

/* Begin PBXTargetDependency section */
		C658FC9C1E00E654001ACDC8 /* PBXTargetDependency */ = {
			isa = PBXTargetDependency;
			target = C658FC801E00E653001ACDC8 /* iOS_Practise */;
			targetProxy = C658FC9B1E00E654001ACDC8 /* PBXContainerItemProxy */;
		};
		C658FCA71E00E654001ACDC8 /* PBXTargetDependency */ = {
			isa = PBXTargetDependency;
			target = C658FC801E00E653001ACDC8 /* iOS_Practise */;
			targetProxy = C658FCA61E00E654001ACDC8 /* PBXContainerItemProxy */;
		};
/* End PBXTargetDependency section */

/* Begin PBXVariantGroup section */
		C658FC8D1E00E654001ACDC8 /* Main.storyboard */ = {
			isa = PBXVariantGroup;
			children = (
				C658FC8E1E00E654001ACDC8 /* Base */,
			);
			name = Main.storyboard;
			path = ..;
			sourceTree = "<group>";
		};
		C658FC921E00E654001ACDC8 /* LaunchScreen.storyboard */ = {
			isa = PBXVariantGroup;
			children = (
				C658FC931E00E654001ACDC8 /* Base */,
			);
			name = LaunchScreen.storyboard;
			sourceTree = "<group>";
		};
/* End PBXVariantGroup section */

/* Begin XCBuildConfiguration section */
		C658FCAC1E00E654001ACDC8 /* Debug */ = {
			isa = XCBuildConfiguration;
			buildSettings = {
				ALWAYS_SEARCH_USER_PATHS = NO;
				CLANG_ANALYZER_NONNULL = YES;
				CLANG_CXX_LANGUAGE_STANDARD = "gnu++0x";
				CLANG_CXX_LIBRARY = "libc++";
				CLANG_ENABLE_MODULES = YES;
				CLANG_ENABLE_OBJC_ARC = YES;
				CLANG_WARN_BOOL_CONVERSION = YES;
				CLANG_WARN_CONSTANT_CONVERSION = YES;
				CLANG_WARN_DIRECT_OBJC_ISA_USAGE = YES_ERROR;
				CLANG_WARN_EMPTY_BODY = YES;
				CLANG_WARN_ENUM_CONVERSION = YES;
				CLANG_WARN_INT_CONVERSION = YES;
				CLANG_WARN_OBJC_ROOT_CLASS = YES_ERROR;
				CLANG_WARN_UNREACHABLE_CODE = YES;
				CLANG_WARN__DUPLICATE_METHOD_MATCH = YES;
				"CODE_SIGN_IDENTITY[sdk=iphoneos*]" = "iPhone Developer";
				COPY_PHASE_STRIP = NO;
				DEBUG_INFORMATION_FORMAT = dwarf;
				ENABLE_STRICT_OBJC_MSGSEND = YES;
				ENABLE_TESTABILITY = YES;
				GCC_C_LANGUAGE_STANDARD = gnu99;
				GCC_DYNAMIC_NO_PIC = NO;
				GCC_NO_COMMON_BLOCKS = YES;
				GCC_OPTIMIZATION_LEVEL = 0;
				GCC_PREPROCESSOR_DEFINITIONS = (
					"DEBUG=1",
					"$(inherited)",
				);
				GCC_WARN_64_TO_32_BIT_CONVERSION = YES;
				GCC_WARN_ABOUT_RETURN_TYPE = YES_ERROR;
				GCC_WARN_UNDECLARED_SELECTOR = YES;
				GCC_WARN_UNINITIALIZED_AUTOS = YES_AGGRESSIVE;
				GCC_WARN_UNUSED_FUNCTION = YES;
				GCC_WARN_UNUSED_VARIABLE = YES;
				IPHONEOS_DEPLOYMENT_TARGET = 9.3;
				MTL_ENABLE_DEBUG_INFO = YES;
				ONLY_ACTIVE_ARCH = YES;
				SDKROOT = iphoneos;
			};
			name = Debug;
		};
		C658FCAD1E00E654001ACDC8 /* Release */ = {
			isa = XCBuildConfiguration;
			buildSettings = {
				ALWAYS_SEARCH_USER_PATHS = NO;
				CLANG_ANALYZER_NONNULL = YES;
				CLANG_CXX_LANGUAGE_STANDARD = "gnu++0x";
				CLANG_CXX_LIBRARY = "libc++";
				CLANG_ENABLE_MODULES = YES;
				CLANG_ENABLE_OBJC_ARC = YES;
				CLANG_WARN_BOOL_CONVERSION = YES;
				CLANG_WARN_CONSTANT_CONVERSION = YES;
				CLANG_WARN_DIRECT_OBJC_ISA_USAGE = YES_ERROR;
				CLANG_WARN_EMPTY_BODY = YES;
				CLANG_WARN_ENUM_CONVERSION = YES;
				CLANG_WARN_INT_CONVERSION = YES;
				CLANG_WARN_OBJC_ROOT_CLASS = YES_ERROR;
				CLANG_WARN_UNREACHABLE_CODE = YES;
				CLANG_WARN__DUPLICATE_METHOD_MATCH = YES;
				"CODE_SIGN_IDENTITY[sdk=iphoneos*]" = "iPhone Developer";
				COPY_PHASE_STRIP = NO;
				DEBUG_INFORMATION_FORMAT = "dwarf-with-dsym";
				ENABLE_NS_ASSERTIONS = NO;
				ENABLE_STRICT_OBJC_MSGSEND = YES;
				GCC_C_LANGUAGE_STANDARD = gnu99;
				GCC_NO_COMMON_BLOCKS = YES;
				GCC_WARN_64_TO_32_BIT_CONVERSION = YES;
				GCC_WARN_ABOUT_RETURN_TYPE = YES_ERROR;
				GCC_WARN_UNDECLARED_SELECTOR = YES;
				GCC_WARN_UNINITIALIZED_AUTOS = YES_AGGRESSIVE;
				GCC_WARN_UNUSED_FUNCTION = YES;
				GCC_WARN_UNUSED_VARIABLE = YES;
				IPHONEOS_DEPLOYMENT_TARGET = 9.3;
				MTL_ENABLE_DEBUG_INFO = NO;
				SDKROOT = iphoneos;
				VALIDATE_PRODUCT = YES;
			};
			name = Release;
		};
		C658FCAF1E00E654001ACDC8 /* Debug */ = {
			isa = XCBuildConfiguration;
			baseConfigurationReference = 59C6C45FD5B022E598373DEF /* Pods-iOS_Practise.debug.xcconfig */;
			buildSettings = {
				ASSETCATALOG_COMPILER_APPICON_NAME = AppIcon;
				INFOPLIST_FILE = iOS_Practise/Info.plist;
				LD_RUNPATH_SEARCH_PATHS = "$(inherited) @executable_path/Frameworks";
				PRODUCT_BUNDLE_IDENTIFIER = "com.wz.iOS-Practise";
				PRODUCT_NAME = "$(TARGET_NAME)";
			};
			name = Debug;
		};
		C658FCB01E00E654001ACDC8 /* Release */ = {
			isa = XCBuildConfiguration;
			baseConfigurationReference = EAA7285F516C8E963349A87B /* Pods-iOS_Practise.release.xcconfig */;
			buildSettings = {
				ASSETCATALOG_COMPILER_APPICON_NAME = AppIcon;
				INFOPLIST_FILE = iOS_Practise/Info.plist;
				LD_RUNPATH_SEARCH_PATHS = "$(inherited) @executable_path/Frameworks";
				PRODUCT_BUNDLE_IDENTIFIER = "com.wz.iOS-Practise";
				PRODUCT_NAME = "$(TARGET_NAME)";
			};
			name = Release;
		};
		C658FCB21E00E654001ACDC8 /* Debug */ = {
			isa = XCBuildConfiguration;
			baseConfigurationReference = EA1D64CC16F6B238C67945D6 /* Pods-iOS_PractiseTests.debug.xcconfig */;
			buildSettings = {
				BUNDLE_LOADER = "$(TEST_HOST)";
				INFOPLIST_FILE = iOS_PractiseTests/Info.plist;
				LD_RUNPATH_SEARCH_PATHS = "$(inherited) @executable_path/Frameworks @loader_path/Frameworks";
				PRODUCT_BUNDLE_IDENTIFIER = "com.wz.iOS-PractiseTests";
				PRODUCT_NAME = "$(TARGET_NAME)";
				TEST_HOST = "$(BUILT_PRODUCTS_DIR)/iOS_Practise.app/iOS_Practise";
			};
			name = Debug;
		};
		C658FCB31E00E654001ACDC8 /* Release */ = {
			isa = XCBuildConfiguration;
			baseConfigurationReference = 16942A2FE5F5AE9C7FF1717D /* Pods-iOS_PractiseTests.release.xcconfig */;
			buildSettings = {
				BUNDLE_LOADER = "$(TEST_HOST)";
				INFOPLIST_FILE = iOS_PractiseTests/Info.plist;
				LD_RUNPATH_SEARCH_PATHS = "$(inherited) @executable_path/Frameworks @loader_path/Frameworks";
				PRODUCT_BUNDLE_IDENTIFIER = "com.wz.iOS-PractiseTests";
				PRODUCT_NAME = "$(TARGET_NAME)";
				TEST_HOST = "$(BUILT_PRODUCTS_DIR)/iOS_Practise.app/iOS_Practise";
			};
			name = Release;
		};
		C658FCB51E00E654001ACDC8 /* Debug */ = {
			isa = XCBuildConfiguration;
			baseConfigurationReference = 5D41EAE16896724288BCB984 /* Pods-iOS_PractiseUITests.debug.xcconfig */;
			buildSettings = {
				INFOPLIST_FILE = iOS_PractiseUITests/Info.plist;
				LD_RUNPATH_SEARCH_PATHS = "$(inherited) @executable_path/Frameworks @loader_path/Frameworks";
				PRODUCT_BUNDLE_IDENTIFIER = "com.wz.iOS-PractiseUITests";
				PRODUCT_NAME = "$(TARGET_NAME)";
				TEST_TARGET_NAME = iOS_Practise;
			};
			name = Debug;
		};
		C658FCB61E00E654001ACDC8 /* Release */ = {
			isa = XCBuildConfiguration;
			baseConfigurationReference = 26CE1026CFE5D301C58DEEFF /* Pods-iOS_PractiseUITests.release.xcconfig */;
			buildSettings = {
				INFOPLIST_FILE = iOS_PractiseUITests/Info.plist;
				LD_RUNPATH_SEARCH_PATHS = "$(inherited) @executable_path/Frameworks @loader_path/Frameworks";
				PRODUCT_BUNDLE_IDENTIFIER = "com.wz.iOS-PractiseUITests";
				PRODUCT_NAME = "$(TARGET_NAME)";
				TEST_TARGET_NAME = iOS_Practise;
			};
			name = Release;
		};
/* End XCBuildConfiguration section */

/* Begin XCConfigurationList section */
		C658FC7C1E00E653001ACDC8 /* Build configuration list for PBXProject "iOS_Practise" */ = {
			isa = XCConfigurationList;
			buildConfigurations = (
				C658FCAC1E00E654001ACDC8 /* Debug */,
				C658FCAD1E00E654001ACDC8 /* Release */,
			);
			defaultConfigurationIsVisible = 0;
			defaultConfigurationName = Release;
		};
		C658FCAE1E00E654001ACDC8 /* Build configuration list for PBXNativeTarget "iOS_Practise" */ = {
			isa = XCConfigurationList;
			buildConfigurations = (
				C658FCAF1E00E654001ACDC8 /* Debug */,
				C658FCB01E00E654001ACDC8 /* Release */,
			);
			defaultConfigurationIsVisible = 0;
			defaultConfigurationName = Release;
		};
		C658FCB11E00E654001ACDC8 /* Build configuration list for PBXNativeTarget "iOS_PractiseTests" */ = {
			isa = XCConfigurationList;
			buildConfigurations = (
				C658FCB21E00E654001ACDC8 /* Debug */,
				C658FCB31E00E654001ACDC8 /* Release */,
			);
			defaultConfigurationIsVisible = 0;
			defaultConfigurationName = Release;
		};
		C658FCB41E00E654001ACDC8 /* Build configuration list for PBXNativeTarget "iOS_PractiseUITests" */ = {
			isa = XCConfigurationList;
			buildConfigurations = (
				C658FCB51E00E654001ACDC8 /* Debug */,
				C658FCB61E00E654001ACDC8 /* Release */,
			);
			defaultConfigurationIsVisible = 0;
			defaultConfigurationName = Release;
		};
/* End XCConfigurationList section */
	};
	rootObject = C658FC791E00E653001ACDC8 /* Project object */;
}
